
Microsoft Visual Studio Solution File, Format Version 12.00
Project("{FAE04EC0-301F-11D3-BF4B-00C04F79EFBC}") = "App22", "App22\App22.csproj", "{71129887-C9EA-489F-A646-ACB4AD1D7486}"
EndProject
Global
	GlobalSection(SolutionConfigurationPlatforms) = preSolution
		Debug|Any CPU = Debug|Any CPU
		Release|Any CPU = Release|Any CPU
	EndGlobalSection
	GlobalSection(ProjectConfigurationPlatforms) = postSolution
		{71129887-C9EA-489F-A646-ACB4AD1D7486}.Debug|Any CPU.ActiveCfg = Debug|Any CPU
		{71129887-C9EA-489F-A646-ACB4AD1D7486}.Debug|Any CPU.Build.0 = Debug|Any CPU
		{71129887-C9EA-489F-A646-ACB4AD1D7486}.Release|Any CPU.ActiveCfg = Release|Any CPU
		{71129887-C9EA-489F-A646-ACB4AD1D7486}.Release|Any CPU.Build.0 = Release|Any CPU
	EndGlobalSection
EndGlobal
